
Microsoft Visual Studio Solution File, Format Version 12.00
# Visual Studio Version 16
VisualStudioVersion = 16.0.31019.35
MinimumVisualStudioVersion = 10.0.40219.1
Project("{9A19103F-16F7-4668-BE54-9A1E7A4F7556}") = "FlyCie.Webhost", "FlyCie.Webhost\FlyCie.Webhost.csproj", "{A6E8FC49-5422-4778-888E-1A4A3554A306}"
EndProject
Project("{9A19103F-16F7-4668-BE54-9A1E7A4F7556}") = "FlyCie.App", "FlyCie.App\FlyCie.App.csproj", "{FDA926E2-BE60-4B86-9A5C-537EFF9BD8EE}"
EndProject
Project("{9A19103F-16F7-4668-BE54-9A1E7A4F7556}") = "FlyCie.Model", "FlyCie.Model\FlyCie.Model.csproj", "{06896138-8BFA-450B-87AE-7BA7A2F2D3C7}"
EndProject
Project("{9A19103F-16F7-4668-BE54-9A1E7A4F7556}") = "FlyCie.External.WebHost", "FlyCie.External.WebHost\FlyCie.External.WebHost.csproj", "{135CB389-734E-48B9-8CC6-D4A2D33BCD76}"
EndProject
Project("{FAE04EC0-301F-11D3-BF4B-00C04F79EFBC}") = "FlyCie.MTD.WebHost", "FlyCie.MTD.WebHost\FlyCie.MTD.WebHost.csproj", "{6B2FA158-22D5-42BF-A6FB-2DBC5044842D}"
EndProject
Global
	GlobalSection(SolutionConfigurationPlatforms) = preSolution
		Debug|Any CPU = Debug|Any CPU
		Release|Any CPU = Release|Any CPU
	EndGlobalSection
	GlobalSection(ProjectConfigurationPlatforms) = postSolution
		{A6E8FC49-5422-4778-888E-1A4A3554A306}.Debug|Any CPU.ActiveCfg = Debug|Any CPU
		{A6E8FC49-5422-4778-888E-1A4A3554A306}.Debug|Any CPU.Build.0 = Debug|Any CPU
		{A6E8FC49-5422-4778-888E-1A4A3554A306}.Release|Any CPU.ActiveCfg = Release|Any CPU
		{A6E8FC49-5422-4778-888E-1A4A3554A306}.Release|Any CPU.Build.0 = Release|Any CPU
		{FDA926E2-BE60-4B86-9A5C-537EFF9BD8EE}.Debug|Any CPU.ActiveCfg = Debug|Any CPU
		{FDA926E2-BE60-4B86-9A5C-537EFF9BD8EE}.Debug|Any CPU.Build.0 = Debug|Any CPU
		{FDA926E2-BE60-4B86-9A5C-537EFF9BD8EE}.Release|Any CPU.ActiveCfg = Release|Any CPU
		{FDA926E2-BE60-4B86-9A5C-537EFF9BD8EE}.Release|Any CPU.Build.0 = Release|Any CPU
		{06896138-8BFA-450B-87AE-7BA7A2F2D3C7}.Debug|Any CPU.ActiveCfg = Debug|Any CPU
		{06896138-8BFA-450B-87AE-7BA7A2F2D3C7}.Debug|Any CPU.Build.0 = Debug|Any CPU
		{06896138-8BFA-450B-87AE-7BA7A2F2D3C7}.Release|Any CPU.ActiveCfg = Release|Any CPU
		{06896138-8BFA-450B-87AE-7BA7A2F2D3C7}.Release|Any CPU.Build.0 = Release|Any CPU
		{135CB389-734E-48B9-8CC6-D4A2D33BCD76}.Debug|Any CPU.ActiveCfg = Debug|Any CPU
		{135CB389-734E-48B9-8CC6-D4A2D33BCD76}.Debug|Any CPU.Build.0 = Debug|Any CPU
		{135CB389-734E-48B9-8CC6-D4A2D33BCD76}.Release|Any CPU.ActiveCfg = Release|Any CPU
		{135CB389-734E-48B9-8CC6-D4A2D33BCD76}.Release|Any CPU.Build.0 = Release|Any CPU
		{6B2FA158-22D5-42BF-A6FB-2DBC5044842D}.Debug|Any CPU.ActiveCfg = Debug|Any CPU
		{6B2FA158-22D5-42BF-A6FB-2DBC5044842D}.Debug|Any CPU.Build.0 = Debug|Any CPU
		{6B2FA158-22D5-42BF-A6FB-2DBC5044842D}.Release|Any CPU.ActiveCfg = Release|Any CPU
		{6B2FA158-22D5-42BF-A6FB-2DBC5044842D}.Release|Any CPU.Build.0 = Release|Any CPU
	EndGlobalSection
	GlobalSection(SolutionProperties) = preSolution
		HideSolutionNode = FALSE
	EndGlobalSection
	GlobalSection(ExtensibilityGlobals) = postSolution
		SolutionGuid = {70202E43-8954-4166-9B24-771C64CEE523}
	EndGlobalSection
EndGlobal
